
Microsoft Visual Studio Solution File, Format Version 12.00
# Visual Studio 15
VisualStudioVersion = 15.0.27703.2035
MinimumVisualStudioVersion = 10.0.40219.1
Project("{FAE04EC0-301F-11D3-BF4B-00C04F79EFBC}") = "ArduinoBluetooth", "ArduinoBluetooth\ArduinoBluetooth.csproj", "{27C5F89A-66DD-408C-8CCB-13E133F25A9B}"
EndProject
Global
	GlobalSection(SolutionConfigurationPlatforms) = preSolution
		Debug|Any CPU = Debug|Any CPU
		Release|Any CPU = Release|Any CPU
	EndGlobalSection
	GlobalSection(ProjectConfigurationPlatforms) = postSolution
		{27C5F89A-66DD-408C-8CCB-13E133F25A9B}.Debug|Any CPU.ActiveCfg = Debug|Any CPU
		{27C5F89A-66DD-408C-8CCB-13E133F25A9B}.Debug|Any CPU.Build.0 = Debug|Any CPU
		{27C5F89A-66DD-408C-8CCB-13E133F25A9B}.Release|Any CPU.ActiveCfg = Release|Any CPU
		{27C5F89A-66DD-408C-8CCB-13E133F25A9B}.Release|Any CPU.Build.0 = Release|Any CPU
	EndGlobalSection
	GlobalSection(SolutionProperties) = preSolution
		HideSolutionNode = FALSE
	EndGlobalSection
	GlobalSection(ExtensibilityGlobals) = postSolution
		SolutionGuid = {96F1593F-E75C-4B47-8B23-A36A9C63B702}
	EndGlobalSection
EndGlobal
